
Microsoft Visual Studio Solution File, Format Version 12.00
# Visual Studio Version 17
VisualStudioVersion = 17.7.33920.267
MinimumVisualStudioVersion = 10.0.40219.1
Project("{FAE04EC0-301F-11D3-BF4B-00C04F79EFBC}") = "DocSumarizer", "DocSumarizer\DocSumarizer.csproj", "{CE9CF025-450F-4737-B890-3743FB58F0A0}"
EndProject
Global
	GlobalSection(SolutionConfigurationPlatforms) = preSolution
		Debug|Any CPU = Debug|Any CPU
		Release|Any CPU = Release|Any CPU
	EndGlobalSection
	GlobalSection(ProjectConfigurationPlatforms) = postSolution
		{CE9CF025-450F-4737-B890-3743FB58F0A0}.Debug|Any CPU.ActiveCfg = Debug|Any CPU
		{CE9CF025-450F-4737-B890-3743FB58F0A0}.Debug|Any CPU.Build.0 = Debug|Any CPU
		{CE9CF025-450F-4737-B890-3743FB58F0A0}.Release|Any CPU.ActiveCfg = Release|Any CPU
		{CE9CF025-450F-4737-B890-3743FB58F0A0}.Release|Any CPU.Build.0 = Release|Any CPU
	EndGlobalSection
	GlobalSection(SolutionProperties) = preSolution
		HideSolutionNode = FALSE
	EndGlobalSection
	GlobalSection(ExtensibilityGlobals) = postSolution
		SolutionGuid = {B870F818-EC22-4318-8334-F1724F286576}
	EndGlobalSection
EndGlobal
